
Microsoft Visual Studio Solution File, Format Version 12.00
# Visual Studio 15
VisualStudioVersion = 15.0.27428.2043
MinimumVisualStudioVersion = 10.0.40219.1
Project("{FAE04EC0-301F-11D3-BF4B-00C04F79EFBC}") = "SampleBuildDefinitionYAML", "SampleBuildDefinitionYAML\SampleBuildDefinitionYAML.csproj", "{85AFA370-9608-4069-8541-7BD434CB3FC2}"
EndProject
Global
	GlobalSection(SolutionConfigurationPlatforms) = preSolution
		Debug|Any CPU = Debug|Any CPU
		Release|Any CPU = Release|Any CPU
	EndGlobalSection
	GlobalSection(ProjectConfigurationPlatforms) = postSolution
		{85AFA370-9608-4069-8541-7BD434CB3FC2}.Debug|Any CPU.ActiveCfg = Debug|Any CPU
		{85AFA370-9608-4069-8541-7BD434CB3FC2}.Debug|Any CPU.Build.0 = Debug|Any CPU
		{85AFA370-9608-4069-8541-7BD434CB3FC2}.Release|Any CPU.ActiveCfg = Release|Any CPU
		{85AFA370-9608-4069-8541-7BD434CB3FC2}.Release|Any CPU.Build.0 = Release|Any CPU
	EndGlobalSection
	GlobalSection(SolutionProperties) = preSolution
		HideSolutionNode = FALSE
	EndGlobalSection
	GlobalSection(ExtensibilityGlobals) = postSolution
		SolutionGuid = {D8EC71F2-457F-4ED5-B991-1A4C99709628}
	EndGlobalSection
EndGlobal
